
Microsoft Visual Studio Solution File, Format Version 12.00
# Visual Studio Version 16
VisualStudioVersion = 16.0.29519.87
MinimumVisualStudioVersion = 10.0.40219.1
Project("{FAE04EC0-301F-11D3-BF4B-00C04F79EFBC}") = "taxiKosten", "taxiKosten\taxiKosten.csproj", "{508763C8-C0EC-4FB0-B3CD-B8DAE865A8A6}"
EndProject
Global
	GlobalSection(SolutionConfigurationPlatforms) = preSolution
		Debug|Any CPU = Debug|Any CPU
		Release|Any CPU = Release|Any CPU
	EndGlobalSection
	GlobalSection(ProjectConfigurationPlatforms) = postSolution
		{508763C8-C0EC-4FB0-B3CD-B8DAE865A8A6}.Debug|Any CPU.ActiveCfg = Debug|Any CPU
		{508763C8-C0EC-4FB0-B3CD-B8DAE865A8A6}.Debug|Any CPU.Build.0 = Debug|Any CPU
		{508763C8-C0EC-4FB0-B3CD-B8DAE865A8A6}.Release|Any CPU.ActiveCfg = Release|Any CPU
		{508763C8-C0EC-4FB0-B3CD-B8DAE865A8A6}.Release|Any CPU.Build.0 = Release|Any CPU
	EndGlobalSection
	GlobalSection(SolutionProperties) = preSolution
		HideSolutionNode = FALSE
	EndGlobalSection
	GlobalSection(ExtensibilityGlobals) = postSolution
		SolutionGuid = {4DCF50A8-FB3B-41B1-A3F2-4D7FE91F79B0}
	EndGlobalSection
EndGlobal
