
Microsoft Visual Studio Solution File, Format Version 12.00
# Visual Studio Version 16
VisualStudioVersion = 16.0.29519.87
MinimumVisualStudioVersion = 10.0.40219.1
Project("{FAE04EC0-301F-11D3-BF4B-00C04F79EFBC}") = "WindowsFormsApp5", "WindowsFormsApp5\WindowsFormsApp5.csproj", "{258F056D-83B9-46CF-B5EA-B7683E339138}"
EndProject
Global
	GlobalSection(SolutionConfigurationPlatforms) = preSolution
		Debug|Any CPU = Debug|Any CPU
		Release|Any CPU = Release|Any CPU
	EndGlobalSection
	GlobalSection(ProjectConfigurationPlatforms) = postSolution
		{258F056D-83B9-46CF-B5EA-B7683E339138}.Debug|Any CPU.ActiveCfg = Debug|Any CPU
		{258F056D-83B9-46CF-B5EA-B7683E339138}.Debug|Any CPU.Build.0 = Debug|Any CPU
		{258F056D-83B9-46CF-B5EA-B7683E339138}.Release|Any CPU.ActiveCfg = Release|Any CPU
		{258F056D-83B9-46CF-B5EA-B7683E339138}.Release|Any CPU.Build.0 = Release|Any CPU
	EndGlobalSection
	GlobalSection(SolutionProperties) = preSolution
		HideSolutionNode = FALSE
	EndGlobalSection
	GlobalSection(ExtensibilityGlobals) = postSolution
		SolutionGuid = {2645B554-BB04-4F2C-A5E3-1F271AA1AB33}
	EndGlobalSection
EndGlobal
