
Microsoft Visual Studio Solution File, Format Version 12.00
# Visual Studio Version 16
VisualStudioVersion = 16.0.29519.87
MinimumVisualStudioVersion = 10.0.40219.1
Project("{9A19103F-16F7-4668-BE54-9A1E7A4F7556}") = "Waterverbruik", "AutoVerhuur\Waterverbruik.csproj", "{BCD22D2B-3F4A-4202-A6BA-87EFD4E3D458}"
EndProject
Global
	GlobalSection(SolutionConfigurationPlatforms) = preSolution
		Debug|Any CPU = Debug|Any CPU
		Release|Any CPU = Release|Any CPU
	EndGlobalSection
	GlobalSection(ProjectConfigurationPlatforms) = postSolution
		{BCD22D2B-3F4A-4202-A6BA-87EFD4E3D458}.Debug|Any CPU.ActiveCfg = Debug|Any CPU
		{BCD22D2B-3F4A-4202-A6BA-87EFD4E3D458}.Debug|Any CPU.Build.0 = Debug|Any CPU
		{BCD22D2B-3F4A-4202-A6BA-87EFD4E3D458}.Release|Any CPU.ActiveCfg = Release|Any CPU
		{BCD22D2B-3F4A-4202-A6BA-87EFD4E3D458}.Release|Any CPU.Build.0 = Release|Any CPU
	EndGlobalSection
	GlobalSection(SolutionProperties) = preSolution
		HideSolutionNode = FALSE
	EndGlobalSection
	GlobalSection(ExtensibilityGlobals) = postSolution
		SolutionGuid = {25961B95-11EE-4A3D-87F8-F7E46AAF59CA}
	EndGlobalSection
EndGlobal
